
Microsoft Visual Studio Solution File, Format Version 12.00
# Visual Studio Version 16
VisualStudioVersion = 16.0.30114.105
MinimumVisualStudioVersion = 10.0.40219.1
Project("{2150E333-8FDC-42A3-9474-1A3956D46DE8}") = "Services", "Services", "{09886EB0-A129-11EC-8350-6FF7A0B6F10F}"
EndProject
Project("{2150E333-8FDC-42A3-9474-1A3956D46DE8}") = "Catalog", "Catalog", "{1770C400-A129-11EC-8350-6FF7A0B6F10F}"
EndProject
Project("{FAE04EC0-301F-11D3-BF4B-00C04F79EFBC}") = "Catalog.API", "Services\Catalog\Catalog.API\Catalog.API.csproj", "{5AFFF9D7-36DB-43F1-9B92-FC9F0E8E10AD}"
EndProject
Project("{E53339B2-1760-4266-BCC7-CA923CBCF16C}") = "docker-compose", "docker-compose.dcproj", "{DB66F784-2431-4F36-BCFD-13C6043DEE60}"
EndProject
Project("{2150E333-8FDC-42A3-9474-1A3956D46DE8}") = "Basket", "Basket", "{0E41E537-0A16-4528-ADE4-8A6D915B4501}"
EndProject
Project("{2150E333-8FDC-42A3-9474-1A3956D46DE8}") = "Discount", "Discount", "{C7A89F6C-121C-4BD0-A58B-90BC78A5BF67}"
EndProject
Project("{FAE04EC0-301F-11D3-BF4B-00C04F79EFBC}") = "Discount.API", "Services\Discount\Discount.API\Discount.API.csproj", "{32CF93A9-2BAD-40AE-8C47-85DFA67D7713}"
EndProject
Project("{FAE04EC0-301F-11D3-BF4B-00C04F79EFBC}") = "Discount.Grpc", "Services\Discount\Discount.Grpc\Discount.Grpc.csproj", "{B2797C57-E2B7-4E8D-A305-C14F6132D4AD}"
EndProject
Project("{FAE04EC0-301F-11D3-BF4B-00C04F79EFBC}") = "Basket.API", "Services\Basket\Basket.API\Basket.API.csproj", "{B02510B1-FAC4-4A7F-A876-E63A85BCD201}"
EndProject
Project("{2150E333-8FDC-42A3-9474-1A3956D46DE8}") = "Ordering", "Ordering", "{A153821E-F842-4F55-859A-3688FC850DAB}"
EndProject
Project("{FAE04EC0-301F-11D3-BF4B-00C04F79EFBC}") = "Ordering.API", "Services\Ordering\Ordering.API\Ordering.API.csproj", "{3FEBA546-2C79-441F-81E1-80819D7FC813}"
EndProject
Project("{FAE04EC0-301F-11D3-BF4B-00C04F79EFBC}") = "Ordering.Domain", "Services\Ordering\Ordering.Domain\Ordering.Domain.csproj", "{7C4217BE-D335-4C69-A003-4E450089C733}"
EndProject
Project("{FAE04EC0-301F-11D3-BF4B-00C04F79EFBC}") = "Ordering.Application", "Services\Ordering\Ordering.Application\Ordering.Application.csproj", "{EE0C150D-4BF7-43A0-9FC9-7BBE907BB8A2}"
EndProject
Project("{FAE04EC0-301F-11D3-BF4B-00C04F79EFBC}") = "Ordering.Infrastructure", "Services\Ordering\Ordering.Infrastructure\Ordering.Infrastructure.csproj", "{59CA36B5-F167-46A9-B15C-4CB39AC96980}"
EndProject
Project("{2150E333-8FDC-42A3-9474-1A3956D46DE8}") = "BuildingBlocks", "BuildingBlocks", "{AFB6B76C-7180-46BF-8B1A-3581BA354D86}"
EndProject
Project("{FAE04EC0-301F-11D3-BF4B-00C04F79EFBC}") = "EventBus.Messages", "BuildingBlocks\EventBus.Messages\EventBus.Messages.csproj", "{8C5F4509-502A-4439-A9BD-E96EB79C7C87}"
EndProject
Global
	GlobalSection(SolutionConfigurationPlatforms) = preSolution
		Debug|Any CPU = Debug|Any CPU
		Release|Any CPU = Release|Any CPU
	EndGlobalSection
	GlobalSection(SolutionProperties) = preSolution
		HideSolutionNode = FALSE
	EndGlobalSection
	GlobalSection(NestedProjects) = preSolution
		{1770C400-A129-11EC-8350-6FF7A0B6F10F} = {09886EB0-A129-11EC-8350-6FF7A0B6F10F}
		{5AFFF9D7-36DB-43F1-9B92-FC9F0E8E10AD} = {1770C400-A129-11EC-8350-6FF7A0B6F10F}
		{0E41E537-0A16-4528-ADE4-8A6D915B4501} = {09886EB0-A129-11EC-8350-6FF7A0B6F10F}
		{C7A89F6C-121C-4BD0-A58B-90BC78A5BF67} = {09886EB0-A129-11EC-8350-6FF7A0B6F10F}
		{32CF93A9-2BAD-40AE-8C47-85DFA67D7713} = {C7A89F6C-121C-4BD0-A58B-90BC78A5BF67}
		{B2797C57-E2B7-4E8D-A305-C14F6132D4AD} = {C7A89F6C-121C-4BD0-A58B-90BC78A5BF67}
		{A153821E-F842-4F55-859A-3688FC850DAB} = {09886EB0-A129-11EC-8350-6FF7A0B6F10F}
		{B02510B1-FAC4-4A7F-A876-E63A85BCD201} = {0E41E537-0A16-4528-ADE4-8A6D915B4501}
		{3FEBA546-2C79-441F-81E1-80819D7FC813} = {A153821E-F842-4F55-859A-3688FC850DAB}
		{7C4217BE-D335-4C69-A003-4E450089C733} = {A153821E-F842-4F55-859A-3688FC850DAB}
		{EE0C150D-4BF7-43A0-9FC9-7BBE907BB8A2} = {A153821E-F842-4F55-859A-3688FC850DAB}
		{59CA36B5-F167-46A9-B15C-4CB39AC96980} = {A153821E-F842-4F55-859A-3688FC850DAB}
		{8C5F4509-502A-4439-A9BD-E96EB79C7C87} = {AFB6B76C-7180-46BF-8B1A-3581BA354D86}
	EndGlobalSection
	GlobalSection(ProjectConfigurationPlatforms) = postSolution
		{5AFFF9D7-36DB-43F1-9B92-FC9F0E8E10AD}.Debug|Any CPU.ActiveCfg = Debug|Any CPU
		{5AFFF9D7-36DB-43F1-9B92-FC9F0E8E10AD}.Debug|Any CPU.Build.0 = Debug|Any CPU
		{5AFFF9D7-36DB-43F1-9B92-FC9F0E8E10AD}.Release|Any CPU.ActiveCfg = Release|Any CPU
		{5AFFF9D7-36DB-43F1-9B92-FC9F0E8E10AD}.Release|Any CPU.Build.0 = Release|Any CPU
		{DB66F784-2431-4F36-BCFD-13C6043DEE60}.Debug|Any CPU.ActiveCfg = Debug|Any CPU
		{DB66F784-2431-4F36-BCFD-13C6043DEE60}.Debug|Any CPU.Build.0 = Debug|Any CPU
		{DB66F784-2431-4F36-BCFD-13C6043DEE60}.Release|Any CPU.ActiveCfg = Release|Any CPU
		{DB66F784-2431-4F36-BCFD-13C6043DEE60}.Release|Any CPU.Build.0 = Release|Any CPU
		{32CF93A9-2BAD-40AE-8C47-85DFA67D7713}.Debug|Any CPU.ActiveCfg = Debug|Any CPU
		{32CF93A9-2BAD-40AE-8C47-85DFA67D7713}.Debug|Any CPU.Build.0 = Debug|Any CPU
		{32CF93A9-2BAD-40AE-8C47-85DFA67D7713}.Release|Any CPU.ActiveCfg = Release|Any CPU
		{32CF93A9-2BAD-40AE-8C47-85DFA67D7713}.Release|Any CPU.Build.0 = Release|Any CPU
		{B2797C57-E2B7-4E8D-A305-C14F6132D4AD}.Debug|Any CPU.ActiveCfg = Debug|Any CPU
		{B2797C57-E2B7-4E8D-A305-C14F6132D4AD}.Debug|Any CPU.Build.0 = Debug|Any CPU
		{B2797C57-E2B7-4E8D-A305-C14F6132D4AD}.Release|Any CPU.ActiveCfg = Release|Any CPU
		{B2797C57-E2B7-4E8D-A305-C14F6132D4AD}.Release|Any CPU.Build.0 = Release|Any CPU
		{B02510B1-FAC4-4A7F-A876-E63A85BCD201}.Debug|Any CPU.ActiveCfg = Debug|Any CPU
		{B02510B1-FAC4-4A7F-A876-E63A85BCD201}.Debug|Any CPU.Build.0 = Debug|Any CPU
		{B02510B1-FAC4-4A7F-A876-E63A85BCD201}.Release|Any CPU.ActiveCfg = Release|Any CPU
		{B02510B1-FAC4-4A7F-A876-E63A85BCD201}.Release|Any CPU.Build.0 = Release|Any CPU
		{3FEBA546-2C79-441F-81E1-80819D7FC813}.Debug|Any CPU.ActiveCfg = Debug|Any CPU
		{3FEBA546-2C79-441F-81E1-80819D7FC813}.Debug|Any CPU.Build.0 = Debug|Any CPU
		{3FEBA546-2C79-441F-81E1-80819D7FC813}.Release|Any CPU.ActiveCfg = Release|Any CPU
		{3FEBA546-2C79-441F-81E1-80819D7FC813}.Release|Any CPU.Build.0 = Release|Any CPU
		{7C4217BE-D335-4C69-A003-4E450089C733}.Debug|Any CPU.ActiveCfg = Debug|Any CPU
		{7C4217BE-D335-4C69-A003-4E450089C733}.Debug|Any CPU.Build.0 = Debug|Any CPU
		{7C4217BE-D335-4C69-A003-4E450089C733}.Release|Any CPU.ActiveCfg = Release|Any CPU
		{7C4217BE-D335-4C69-A003-4E450089C733}.Release|Any CPU.Build.0 = Release|Any CPU
		{EE0C150D-4BF7-43A0-9FC9-7BBE907BB8A2}.Debug|Any CPU.ActiveCfg = Debug|Any CPU
		{EE0C150D-4BF7-43A0-9FC9-7BBE907BB8A2}.Debug|Any CPU.Build.0 = Debug|Any CPU
		{EE0C150D-4BF7-43A0-9FC9-7BBE907BB8A2}.Release|Any CPU.ActiveCfg = Release|Any CPU
		{EE0C150D-4BF7-43A0-9FC9-7BBE907BB8A2}.Release|Any CPU.Build.0 = Release|Any CPU
		{59CA36B5-F167-46A9-B15C-4CB39AC96980}.Debug|Any CPU.ActiveCfg = Debug|Any CPU
		{59CA36B5-F167-46A9-B15C-4CB39AC96980}.Debug|Any CPU.Build.0 = Debug|Any CPU
		{59CA36B5-F167-46A9-B15C-4CB39AC96980}.Release|Any CPU.ActiveCfg = Release|Any CPU
		{59CA36B5-F167-46A9-B15C-4CB39AC96980}.Release|Any CPU.Build.0 = Release|Any CPU
		{8C5F4509-502A-4439-A9BD-E96EB79C7C87}.Debug|Any CPU.ActiveCfg = Debug|Any CPU
		{8C5F4509-502A-4439-A9BD-E96EB79C7C87}.Debug|Any CPU.Build.0 = Debug|Any CPU
		{8C5F4509-502A-4439-A9BD-E96EB79C7C87}.Release|Any CPU.ActiveCfg = Release|Any CPU
		{8C5F4509-502A-4439-A9BD-E96EB79C7C87}.Release|Any CPU.Build.0 = Release|Any CPU
	EndGlobalSection
EndGlobal
